
Microsoft Visual Studio Solution File, Format Version 12.00
# Visual Studio 15
VisualStudioVersion = 15.0.28010.2041
MinimumVisualStudioVersion = 10.0.40219.1
Project("{FAE04EC0-301F-11D3-BF4B-00C04F79EFBC}") = "LAB1", "LAB1\LAB1.csproj", "{D5DD2DAA-8344-42F9-9CA7-10E90F9DF7B3}"
EndProject
Global
	GlobalSection(SolutionConfigurationPlatforms) = preSolution
		Debug|Any CPU = Debug|Any CPU
		Release|Any CPU = Release|Any CPU
	EndGlobalSection
	GlobalSection(ProjectConfigurationPlatforms) = postSolution
		{D5DD2DAA-8344-42F9-9CA7-10E90F9DF7B3}.Debug|Any CPU.ActiveCfg = Debug|Any CPU
		{D5DD2DAA-8344-42F9-9CA7-10E90F9DF7B3}.Debug|Any CPU.Build.0 = Debug|Any CPU
		{D5DD2DAA-8344-42F9-9CA7-10E90F9DF7B3}.Release|Any CPU.ActiveCfg = Release|Any CPU
		{D5DD2DAA-8344-42F9-9CA7-10E90F9DF7B3}.Release|Any CPU.Build.0 = Release|Any CPU
	EndGlobalSection
	GlobalSection(SolutionProperties) = preSolution
		HideSolutionNode = FALSE
	EndGlobalSection
	GlobalSection(ExtensibilityGlobals) = postSolution
		SolutionGuid = {C7B9A2F0-B372-4FFD-995F-70C5F99C7348}
	EndGlobalSection
EndGlobal
